
Microsoft Visual Studio Solution File, Format Version 12.00
# Visual Studio Version 17
VisualStudioVersion = 17.2.32616.157
MinimumVisualStudioVersion = 10.0.40219.1
Project("{FAE04EC0-301F-11D3-BF4B-00C04F79EFBC}") = "TekrarKodlari", "TekrarKodlari\TekrarKodlari.csproj", "{3700D0DF-550E-4B3D-AA93-5D3DA5119CDB}"
EndProject
Global
	GlobalSection(SolutionConfigurationPlatforms) = preSolution
		Debug|Any CPU = Debug|Any CPU
		Release|Any CPU = Release|Any CPU
	EndGlobalSection
	GlobalSection(ProjectConfigurationPlatforms) = postSolution
		{3700D0DF-550E-4B3D-AA93-5D3DA5119CDB}.Debug|Any CPU.ActiveCfg = Debug|Any CPU
		{3700D0DF-550E-4B3D-AA93-5D3DA5119CDB}.Debug|Any CPU.Build.0 = Debug|Any CPU
		{3700D0DF-550E-4B3D-AA93-5D3DA5119CDB}.Release|Any CPU.ActiveCfg = Release|Any CPU
		{3700D0DF-550E-4B3D-AA93-5D3DA5119CDB}.Release|Any CPU.Build.0 = Release|Any CPU
	EndGlobalSection
	GlobalSection(SolutionProperties) = preSolution
		HideSolutionNode = FALSE
	EndGlobalSection
	GlobalSection(ExtensibilityGlobals) = postSolution
		SolutionGuid = {FBC86CCE-3BFC-4E90-B331-16A051E99219}
	EndGlobalSection
EndGlobal
